// !$*UTF8*$!
{
	archiveVersion = 1;
	classes = {
	};
	objectVersion = 46;
	objects = {

/* Begin PBXBuildFile section */
		0A0BC1391D025FBE003BB69F /* main.m in Sources */ = {isa = PBXBuildFile; fileRef = 0A0BC1381D025FBE003BB69F /* main.m */; };
		0A0BC13C1D025FBE003BB69F /* HJAppDelegate.m in Sources */ = {isa = PBXBuildFile; fileRef = 0A0BC13B1D025FBE003BB69F /* HJAppDelegate.m */; };
		0A0BC13F1D025FBE003BB69F /* HJViewController.m in Sources */ = {isa = PBXBuildFile; fileRef = 0A0BC13E1D025FBE003BB69F /* HJViewController.m */; };
		0A0BC1421D025FBE003BB69F /* Main.storyboard in Resources */ = {isa = PBXBuildFile; fileRef = 0A0BC1401D025FBE003BB69F /* Main.storyboard */; };
		0A0BC1441D025FBE003BB69F /* Assets.xcassets in Resources */ = {isa = PBXBuildFile; fileRef = 0A0BC1431D025FBE003BB69F /* Assets.xcassets */; };
		0A0BC14F1D02630B003BB69F /* MobileCoreServices.framework in Frameworks */ = {isa = PBXBuildFile; fileRef = 0A0BC14E1D02630B003BB69F /* MobileCoreServices.framework */; };
		0A0BC1511D026314003BB69F /* CoreGraphics.framework in Frameworks */ = {isa = PBXBuildFile; fileRef = 0A0BC1501D026314003BB69F /* CoreGraphics.framework */; };
		0A0BC1531D02631B003BB69F /* UIKit.framework in Frameworks */ = {isa = PBXBuildFile; fileRef = 0A0BC1521D02631B003BB69F /* UIKit.framework */; };
		0A0BC1551D026322003BB69F /* Foundation.framework in Frameworks */ = {isa = PBXBuildFile; fileRef = 0A0BC1541D026322003BB69F /* Foundation.framework */; };
		0A0BC1581D0269FC003BB69F /* HJDrawingView.m in Sources */ = {isa = PBXBuildFile; fileRef = 0A0BC1571D0269FC003BB69F /* HJDrawingView.m */; };
		0A0BC15B1D026AD0003BB69F /* HJColorPickerViewController.m in Sources */ = {isa = PBXBuildFile; fileRef = 0A0BC15A1D026AD0003BB69F /* HJColorPickerViewController.m */; };
		0A0BC1691D0309CC003BB69F /* HJColorPickerViewController.xib in Resources */ = {isa = PBXBuildFile; fileRef = 0A0BC1681D0309CC003BB69F /* HJColorPickerViewController.xib */; };
/* End PBXBuildFile section */

/* Begin PBXFileReference section */
		0A0BC1341D025FBE003BB69F /* GraffitiPhotos.app */ = {isa = PBXFileReference; explicitFileType = wrapper.application; includeInIndex = 0; path = GraffitiPhotos.app; sourceTree = BUILT_PRODUCTS_DIR; };
		0A0BC1381D025FBE003BB69F /* main.m */ = {isa = PBXFileReference; lastKnownFileType = sourcecode.c.objc; path = main.m; sourceTree = "<group>"; };
		0A0BC13A1D025FBE003BB69F /* HJAppDelegate.h */ = {isa = PBXFileReference; lastKnownFileType = sourcecode.c.h; path = HJAppDelegate.h; sourceTree = "<group>"; };
		0A0BC13B1D025FBE003BB69F /* HJAppDelegate.m */ = {isa = PBXFileReference; lastKnownFileType = sourcecode.c.objc; path = HJAppDelegate.m; sourceTree = "<group>"; };
		0A0BC13D1D025FBE003BB69F /* HJViewController.h */ = {isa = PBXFileReference; lastKnownFileType = sourcecode.c.h; path = HJViewController.h; sourceTree = "<group>"; };
		0A0BC13E1D025FBE003BB69F /* HJViewController.m */ = {isa = PBXFileReference; lastKnownFileType = sourcecode.c.objc; path = HJViewController.m; sourceTree = "<group>"; };
		0A0BC1411D025FBE003BB69F /* Base */ = {isa = PBXFileReference; lastKnownFileType = file.storyboard; name = Base; path = Base.lproj/Main.storyboard; sourceTree = "<group>"; };
		0A0BC1431D025FBE003BB69F /* Assets.xcassets */ = {isa = PBXFileReference; lastKnownFileType = folder.assetcatalog; path = Assets.xcassets; sourceTree = "<group>"; };
		0A0BC14E1D02630B003BB69F /* MobileCoreServices.framework */ = {isa = PBXFileReference; lastKnownFileType = wrapper.framework; name = MobileCoreServices.framework; path = System/Library/Frameworks/MobileCoreServices.framework; sourceTree = SDKROOT; };
		0A0BC1501D026314003BB69F /* CoreGraphics.framework */ = {isa = PBXFileReference; lastKnownFileType = wrapper.framework; name = CoreGraphics.framework; path = System/Library/Frameworks/CoreGraphics.framework; sourceTree = SDKROOT; };
		0A0BC1521D02631B003BB69F /* UIKit.framework */ = {isa = PBXFileReference; lastKnownFileType = wrapper.framework; name = UIKit.framework; path = System/Library/Frameworks/UIKit.framework; sourceTree = SDKROOT; };
		0A0BC1541D026322003BB69F /* Foundation.framework */ = {isa = PBXFileReference; lastKnownFileType = wrapper.framework; name = Foundation.framework; path = System/Library/Frameworks/Foundation.framework; sourceTree = SDKROOT; };
		0A0BC1561D0269FC003BB69F /* HJDrawingView.h */ = {isa = PBXFileReference; fileEncoding = 4; lastKnownFileType = sourcecode.c.h; path = HJDrawingView.h; sourceTree = "<group>"; };
		0A0BC1571D0269FC003BB69F /* HJDrawingView.m */ = {isa = PBXFileReference; fileEncoding = 4; lastKnownFileType = sourcecode.c.objc; path = HJDrawingView.m; sourceTree = "<group>"; };
		0A0BC1591D026AD0003BB69F /* HJColorPickerViewController.h */ = {isa = PBXFileReference; fileEncoding = 4; lastKnownFileType = sourcecode.c.h; path = HJColorPickerViewController.h; sourceTree = "<group>"; };
		0A0BC15A1D026AD0003BB69F /* HJColorPickerViewController.m */ = {isa = PBXFileReference; fileEncoding = 4; lastKnownFileType = sourcecode.c.objc; path = HJColorPickerViewController.m; sourceTree = "<group>"; };
		0A0BC1671D0308DB003BB69F /* PrefixHeader.pch */ = {isa = PBXFileReference; lastKnownFileType = sourcecode.c.h; name = PrefixHeader.pch; path = ../PrefixHeader.pch; sourceTree = "<group>"; };
		0A0BC1681D0309CC003BB69F /* HJColorPickerViewController.xib */ = {isa = PBXFileReference; fileEncoding = 4; lastKnownFileType = file.xib; path = HJColorPickerViewController.xib; sourceTree = "<group>"; };
		0A141E061D05181800CC508C /* Base */ = {isa = PBXFileReference; lastKnownFileType = text.plist.xml; name = Base; path = Base.lproj/Info.plist; sourceTree = "<group>"; };
/* End PBXFileReference section */

/* Begin PBXFrameworksBuildPhase section */
		0A0BC1311D025FBE003BB69F /* Frameworks */ = {
			isa = PBXFrameworksBuildPhase;
			buildActionMask = 2147483647;
			files = (
				0A0BC1551D026322003BB69F /* Foundation.framework in Frameworks */,
				0A0BC1531D02631B003BB69F /* UIKit.framework in Frameworks */,
				0A0BC1511D026314003BB69F /* CoreGraphics.framework in Frameworks */,
				0A0BC14F1D02630B003BB69F /* MobileCoreServices.framework in Frameworks */,
			);
			runOnlyForDeploymentPostprocessing = 0;
		};
/* End PBXFrameworksBuildPhase section */

/* Begin PBXGroup section */
		0A0BC12B1D025FBE003BB69F = {
			isa = PBXGroup;
			children = (
				0A0BC1541D026322003BB69F /* Foundation.framework */,
				0A0BC1521D02631B003BB69F /* UIKit.framework */,
				0A0BC1501D026314003BB69F /* CoreGraphics.framework */,
				0A0BC14E1D02630B003BB69F /* MobileCoreServices.framework */,
				0A0BC1361D025FBE003BB69F /* GraffitiPhotos */,
				0A0BC1351D025FBE003BB69F /* Products */,
			);
			sourceTree = "<group>";
		};
		0A0BC1351D025FBE003BB69F /* Products */ = {
			isa = PBXGroup;
			children = (
				0A0BC1341D025FBE003BB69F /* GraffitiPhotos.app */,
			);
			name = Products;
			sourceTree = "<group>";
		};
		0A0BC1361D025FBE003BB69F /* GraffitiPhotos */ = {
			isa = PBXGroup;
			children = (
				0A0BC13A1D025FBE003BB69F /* HJAppDelegate.h */,
				0A0BC13B1D025FBE003BB69F /* HJAppDelegate.m */,
				0A0BC13D1D025FBE003BB69F /* HJViewController.h */,
				0A0BC13E1D025FBE003BB69F /* HJViewController.m */,
				0A0BC1561D0269FC003BB69F /* HJDrawingView.h */,
				0A0BC1571D0269FC003BB69F /* HJDrawingView.m */,
				0A0BC1591D026AD0003BB69F /* HJColorPickerViewController.h */,
				0A0BC15A1D026AD0003BB69F /* HJColorPickerViewController.m */,
				0A0BC1681D0309CC003BB69F /* HJColorPickerViewController.xib */,
				0A0BC1401D025FBE003BB69F /* Main.storyboard */,
				0A0BC1431D025FBE003BB69F /* Assets.xcassets */,
				0A141E071D05181800CC508C /* Info.plist */,
				0A0BC1371D025FBE003BB69F /* Supporting Files */,
			);
			path = GraffitiPhotos;
			sourceTree = "<group>";
		};
		0A0BC1371D025FBE003BB69F /* Supporting Files */ = {
			isa = PBXGroup;
			children = (
				0A0BC1381D025FBE003BB69F /* main.m */,
				0A0BC1671D0308DB003BB69F /* PrefixHeader.pch */,
			);
			name = "Supporting Files";
			sourceTree = "<group>";
		};
/* End PBXGroup section */

/* Begin PBXNativeTarget section */
		0A0BC1331D025FBE003BB69F /* GraffitiPhotos */ = {
			isa = PBXNativeTarget;
			buildConfigurationList = 0A0BC14B1D025FBE003BB69F /* Build configuration list for PBXNativeTarget "GraffitiPhotos" */;
			buildPhases = (
				0A0BC1301D025FBE003BB69F /* Sources */,
				0A0BC1311D025FBE003BB69F /* Frameworks */,
				0A0BC1321D025FBE003BB69F /* Resources */,
			);
			buildRules = (
			);
			dependencies = (
			);
			name = GraffitiPhotos;
			productName = GraffitiPhotos;
			productReference = 0A0BC1341D025FBE003BB69F /* GraffitiPhotos.app */;
			productType = "com.apple.product-type.application";
		};
/* End PBXNativeTarget section */

/* Begin PBXProject section */
		0A0BC12C1D025FBE003BB69F /* Project object */ = {
			isa = PBXProject;
			attributes = {
				CLASSPREFIX = HJ;
				LastUpgradeCheck = 0730;
				ORGANIZATIONNAME = zenghuajing;
				TargetAttributes = {
					0A0BC1331D025FBE003BB69F = {
						CreatedOnToolsVersion = 7.3.1;
						DevelopmentTeam = V3WX2364KU;
					};
				};
			};
			buildConfigurationList = 0A0BC12F1D025FBE003BB69F /* Build configuration list for PBXProject "GraffitiPhotos" */;
			compatibilityVersion = "Xcode 3.2";
			developmentRegion = English;
			hasScannedForEncodings = 0;
			knownRegions = (
				en,
				Base,
				"zh-Hans",
			);
			mainGroup = 0A0BC12B1D025FBE003BB69F;
			productRefGroup = 0A0BC1351D025FBE003BB69F /* Products */;
			projectDirPath = "";
			projectRoot = "";
			targets = (
				0A0BC1331D025FBE003BB69F /* GraffitiPhotos */,
			);
		};
/* End PBXProject section */

/* Begin PBXResourcesBuildPhase section */
		0A0BC1321D025FBE003BB69F /* Resources */ = {
			isa = PBXResourcesBuildPhase;
			buildActionMask = 2147483647;
			files = (
				0A0BC1691D0309CC003BB69F /* HJColorPickerViewController.xib in Resources */,
				0A0BC1441D025FBE003BB69F /* Assets.xcassets in Resources */,
				0A0BC1421D025FBE003BB69F /* Main.storyboard in Resources */,
			);
			runOnlyForDeploymentPostprocessing = 0;
		};
/* End PBXResourcesBuildPhase section */

/* Begin PBXSourcesBuildPhase section */
		0A0BC1301D025FBE003BB69F /* Sources */ = {
			isa = PBXSourcesBuildPhase;
			buildActionMask = 2147483647;
			files = (
				0A0BC13F1D025FBE003BB69F /* HJViewController.m in Sources */,
				0A0BC13C1D025FBE003BB69F /* HJAppDelegate.m in Sources */,
				0A0BC15B1D026AD0003BB69F /* HJColorPickerViewController.m in Sources */,
				0A0BC1391D025FBE003BB69F /* main.m in Sources */,
				0A0BC1581D0269FC003BB69F /* HJDrawingView.m in Sources */,
			);
			runOnlyForDeploymentPostprocessing = 0;
		};
/* End PBXSourcesBuildPhase section */

/* Begin PBXVariantGroup section */
		0A0BC1401D025FBE003BB69F /* Main.storyboard */ = {
			isa = PBXVariantGroup;
			children = (
				0A0BC1411D025FBE003BB69F /* Base */,
			);
			name = Main.storyboard;
			sourceTree = "<group>";
		};
		0A141E071D05181800CC508C /* Info.plist */ = {
			isa = PBXVariantGroup;
			children = (
				0A141E061D05181800CC508C /* Base */,
			);
			name = Info.plist;
			sourceTree = "<group>";
		};
/* End PBXVariantGroup section */

/* Begin XCBuildConfiguration section */
		0A0BC1491D025FBE003BB69F /* Debug */ = {
			isa = XCBuildConfiguration;
			buildSettings = {
				ALWAYS_SEARCH_USER_PATHS = NO;
				CLANG_ANALYZER_NONNULL = YES;
				CLANG_CXX_LANGUAGE_STANDARD = "gnu++0x";
				CLANG_CXX_LIBRARY = "libc++";
				CLANG_ENABLE_MODULES = YES;
				CLANG_ENABLE_OBJC_ARC = YES;
				CLANG_WARN_BOOL_CONVERSION = YES;
				CLANG_WARN_CONSTANT_CONVERSION = YES;
				CLANG_WARN_DIRECT_OBJC_ISA_USAGE = YES_ERROR;
				CLANG_WARN_EMPTY_BODY = YES;
				CLANG_WARN_ENUM_CONVERSION = YES;
				CLANG_WARN_INT_CONVERSION = YES;
				CLANG_WARN_OBJC_ROOT_CLASS = YES_ERROR;
				CLANG_WARN_UNREACHABLE_CODE = YES;
				CLANG_WARN__DUPLICATE_METHOD_MATCH = YES;
				"CODE_SIGN_IDENTITY[sdk=iphoneos*]" = "iPhone Developer";
				COPY_PHASE_STRIP = NO;
				DEBUG_INFORMATION_FORMAT = dwarf;
				ENABLE_STRICT_OBJC_MSGSEND = YES;
				ENABLE_TESTABILITY = YES;
				GCC_C_LANGUAGE_STANDARD = gnu99;
				GCC_DYNAMIC_NO_PIC = NO;
				GCC_NO_COMMON_BLOCKS = YES;
				GCC_OPTIMIZATION_LEVEL = 0;
				GCC_PREPROCESSOR_DEFINITIONS = (
					"DEBUG=1",
					"$(inherited)",
				);
				GCC_WARN_64_TO_32_BIT_CONVERSION = YES;
				GCC_WARN_ABOUT_RETURN_TYPE = YES_ERROR;
				GCC_WARN_UNDECLARED_SELECTOR = YES;
				GCC_WARN_UNINITIALIZED_AUTOS = YES_AGGRESSIVE;
				GCC_WARN_UNUSED_FUNCTION = YES;
				GCC_WARN_UNUSED_VARIABLE = YES;
				IPHONEOS_DEPLOYMENT_TARGET = 9.3;
				MTL_ENABLE_DEBUG_INFO = YES;
				ONLY_ACTIVE_ARCH = YES;
				SDKROOT = iphoneos;
			};
			name = Debug;
		};
		0A0BC14A1D025FBE003BB69F /* Release */ = {
			isa = XCBuildConfiguration;
			buildSettings = {
				ALWAYS_SEARCH_USER_PATHS = NO;
				CLANG_ANALYZER_NONNULL = YES;
				CLANG_CXX_LANGUAGE_STANDARD = "gnu++0x";
				CLANG_CXX_LIBRARY = "libc++";
				CLANG_ENABLE_MODULES = YES;
				CLANG_ENABLE_OBJC_ARC = YES;
				CLANG_WARN_BOOL_CONVERSION = YES;
				CLANG_WARN_CONSTANT_CONVERSION = YES;
				CLANG_WARN_DIRECT_OBJC_ISA_USAGE = YES_ERROR;
				CLANG_WARN_EMPTY_BODY = YES;
				CLANG_WARN_ENUM_CONVERSION = YES;
				CLANG_WARN_INT_CONVERSION = YES;
				CLANG_WARN_OBJC_ROOT_CLASS = YES_ERROR;
				CLANG_WARN_UNREACHABLE_CODE = YES;
				CLANG_WARN__DUPLICATE_METHOD_MATCH = YES;
				"CODE_SIGN_IDENTITY[sdk=iphoneos*]" = "iPhone Developer";
				COPY_PHASE_STRIP = NO;
				DEBUG_INFORMATION_FORMAT = "dwarf-with-dsym";
				ENABLE_NS_ASSERTIONS = NO;
				ENABLE_STRICT_OBJC_MSGSEND = YES;
				GCC_C_LANGUAGE_STANDARD = gnu99;
				GCC_NO_COMMON_BLOCKS = YES;
				GCC_WARN_64_TO_32_BIT_CONVERSION = YES;
				GCC_WARN_ABOUT_RETURN_TYPE = YES_ERROR;
				GCC_WARN_UNDECLARED_SELECTOR = YES;
				GCC_WARN_UNINITIALIZED_AUTOS = YES_AGGRESSIVE;
				GCC_WARN_UNUSED_FUNCTION = YES;
				GCC_WARN_UNUSED_VARIABLE = YES;
				IPHONEOS_DEPLOYMENT_TARGET = 9.3;
				MTL_ENABLE_DEBUG_INFO = NO;
				SDKROOT = iphoneos;
				VALIDATE_PRODUCT = YES;
			};
			name = Release;
		};
		0A0BC14C1D025FBE003BB69F /* Debug */ = {
			isa = XCBuildConfiguration;
			buildSettings = {
				ASSETCATALOG_COMPILER_APPICON_NAME = AppIcon;
				ASSETCATALOG_COMPILER_LAUNCHIMAGE_NAME = LaunchImage;
				GCC_PREFIX_HEADER = PrefixHeader.pch;
				INFOPLIST_FILE = GraffitiPhotos/Info.plist;
				LD_RUNPATH_SEARCH_PATHS = "$(inherited) @executable_path/Frameworks";
				PRODUCT_BUNDLE_IDENTIFIER = com.zenghuajing.GraffitiPhotos;
				PRODUCT_NAME = "$(TARGET_NAME)";
				WARNING_CFLAGS = "-Wno-deprecated-declarations";
			};
			name = Debug;
		};
		0A0BC14D1D025FBE003BB69F /* Release */ = {
			isa = XCBuildConfiguration;
			buildSettings = {
				ASSETCATALOG_COMPILER_APPICON_NAME = AppIcon;
				ASSETCATALOG_COMPILER_LAUNCHIMAGE_NAME = LaunchImage;
				GCC_PREFIX_HEADER = PrefixHeader.pch;
				INFOPLIST_FILE = GraffitiPhotos/Info.plist;
				LD_RUNPATH_SEARCH_PATHS = "$(inherited) @executable_path/Frameworks";
				PRODUCT_BUNDLE_IDENTIFIER = com.zenghuajing.GraffitiPhotos;
				PRODUCT_NAME = "$(TARGET_NAME)";
				WARNING_CFLAGS = "-Wno-deprecated-declarations";
			};
			name = Release;
		};
/* End XCBuildConfiguration section */

/* Begin XCConfigurationList section */
		0A0BC12F1D025FBE003BB69F /* Build configuration list for PBXProject "GraffitiPhotos" */ = {
			isa = XCConfigurationList;
			buildConfigurations = (
				0A0BC1491D025FBE003BB69F /* Debug */,
				0A0BC14A1D025FBE003BB69F /* Release */,
			);
			defaultConfigurationIsVisible = 0;
			defaultConfigurationName = Release;
		};
		0A0BC14B1D025FBE003BB69F /* Build configuration list for PBXNativeTarget "GraffitiPhotos" */ = {
			isa = XCConfigurationList;
			buildConfigurations = (
				0A0BC14C1D025FBE003BB69F /* Debug */,
				0A0BC14D1D025FBE003BB69F /* Release */,
			);
			defaultConfigurationIsVisible = 0;
			defaultConfigurationName = Release;
		};
/* End XCConfigurationList section */
	};
	rootObject = 0A0BC12C1D025FBE003BB69F /* Project object */;
}
